<?xml version="1.0" encoding="utf-8"?>
<Project ToolsVersion="4.0" xmlns="http://schemas.microsoft.com/developer/msbuild/2003">
  <ItemGroup>
    <ClInclude Include="pch.h" />
    <ClInclude Include="fileparser.h">
      <Filter>Parser</Filter>
    </ClInclude>
    <ClInclude Include="parser.h">
      <Filter>Parser</Filter>
    </ClInclude>
    <ClInclude Include="compiler.h">
      <Filter>Compiler</Filter>
    </ClInclude>
    <ClInclude Include="instruction.h">
      <Filter>Runtime</Filter>
    </ClInclude>
    <ClInclude Include="interpreter.h">
      <Filter>Runtime</Filter>
    </ClInclude>
    <ClInclude Include="stack.h">
      <Filter>Runtime</Filter>
    </ClInclude>
    <ClInclude Include="converter.h">
      <Filter>Common</Filter>
    </ClInclude>
    <ClInclude Include="token.h">
      <Filter>Shared</Filter>
    </ClInclude>
    <ClInclude Include="datatype.h">
      <Filter>Shared</Filter>
    </ClInclude>
    <ClInclude Include="signature.h">
      <Filter>Compiler</Filter>
    </ClInclude>
    <ClInclude Include="context.h">
      <Filter>Shared</Filter>
    </ClInclude>
    <ClInclude Include="data.h">
      <Filter>Shared</Filter>
    </ClInclude>
  </ItemGroup>
  <ItemGroup>
    <ClCompile Include="pch.cpp" />
    <ClCompile Include="fileparser.cpp">
      <Filter>Parser</Filter>
    </ClCompile>
    <ClCompile Include="parser.cpp">
      <Filter>Parser</Filter>
    </ClCompile>
    <ClCompile Include="compiler.cpp">
      <Filter>Compiler</Filter>
    </ClCompile>
    <ClCompile Include="instruction.cpp">
      <Filter>Runtime</Filter>
    </ClCompile>
    <ClCompile Include="interpreter.cpp">
      <Filter>Runtime</Filter>
    </ClCompile>
    <ClCompile Include="stack.cpp">
      <Filter>Runtime</Filter>
    </ClCompile>
    <ClCompile Include="converter.cpp">
      <Filter>Common</Filter>
    </ClCompile>
    <ClCompile Include="token.cpp">
      <Filter>Shared</Filter>
    </ClCompile>
    <ClCompile Include="signature.cpp">
      <Filter>Compiler</Filter>
    </ClCompile>
    <ClCompile Include="context.cpp">
      <Filter>Shared</Filter>
    </ClCompile>
  </ItemGroup>
  <ItemGroup>
    <Filter Include="Parser">
      <UniqueIdentifier>{3a8d3242-7da5-403c-92ee-88335da4c86f}</UniqueIdentifier>
    </Filter>
    <Filter Include="Compiler">
      <UniqueIdentifier>{1e90caac-9bf8-4f7c-a9be-46aca671e670}</UniqueIdentifier>
    </Filter>
    <Filter Include="Runtime">
      <UniqueIdentifier>{3711a928-e62d-47fd-ab4a-e9f500209887}</UniqueIdentifier>
    </Filter>
    <Filter Include="Common">
      <UniqueIdentifier>{ff84c408-b2ac-4061-b89f-6bee58d6516d}</UniqueIdentifier>
    </Filter>
    <Filter Include="Shared">
      <UniqueIdentifier>{af49229a-84e2-4a7d-b9b9-e89b5faf3729}</UniqueIdentifier>
    </Filter>
  </ItemGroup>
</Project>